
Microsoft Visual Studio Solution File, Format Version 12.00
# Visual Studio Version 17
VisualStudioVersion = 17.9.34622.214
MinimumVisualStudioVersion = 10.0.40219.1
Project("{FAE04EC0-301F-11D3-BF4B-00C04F79EFBC}") = "stock-flow", "stock-flow.csproj", "{3B8B49A3-8057-4E1F-8F9F-04B8EEE8FEF9}"
EndProject
Project("{FAE04EC0-301F-11D3-BF4B-00C04F79EFBC}") = "stock-flow.Tests", "..\stock-flow.Tests\stock-flow.Tests.csproj", "{4D2D3A42-7653-4F43-8464-C36B20CC114D}"
EndProject
Global
	GlobalSection(SolutionConfigurationPlatforms) = preSolution
		Debug|Any CPU = Debug|Any CPU
		Release|Any CPU = Release|Any CPU
	EndGlobalSection
	GlobalSection(ProjectConfigurationPlatforms) = postSolution
		{3B8B49A3-8057-4E1F-8F9F-04B8EEE8FEF9}.Debug|Any CPU.ActiveCfg = Debug|Any CPU
		{3B8B49A3-8057-4E1F-8F9F-04B8EEE8FEF9}.Debug|Any CPU.Build.0 = Debug|Any CPU
		{3B8B49A3-8057-4E1F-8F9F-04B8EEE8FEF9}.Release|Any CPU.ActiveCfg = Release|Any CPU
		{3B8B49A3-8057-4E1F-8F9F-04B8EEE8FEF9}.Release|Any CPU.Build.0 = Release|Any CPU
		{4D2D3A42-7653-4F43-8464-C36B20CC114D}.Debug|Any CPU.ActiveCfg = Debug|Any CPU
		{4D2D3A42-7653-4F43-8464-C36B20CC114D}.Debug|Any CPU.Build.0 = Debug|Any CPU
		{4D2D3A42-7653-4F43-8464-C36B20CC114D}.Release|Any CPU.ActiveCfg = Release|Any CPU
		{4D2D3A42-7653-4F43-8464-C36B20CC114D}.Release|Any CPU.Build.0 = Release|Any CPU
	EndGlobalSection
	GlobalSection(SolutionProperties) = preSolution
		HideSolutionNode = FALSE
	EndGlobalSection
	GlobalSection(ExtensibilityGlobals) = postSolution
		SolutionGuid = {907BE906-FF5F-4248-BEDA-63BD1E322559}
	EndGlobalSection
EndGlobal
